{
  "name": "translate-mutation-observer",
  "version": "0.0.1",
  "lockfileVersion": 1,
  "requires": true,
  "dependencies": {
    "vue-click-outside": {
      "version": "1.1.0",
      "resolved": "https://registry.npmjs.org/vue-click-outside/-/vue-click-outside-1.1.0.tgz",
      "integrity": "sha512-pNyvAA9mRXJwPHlHJyjMb4IONSc7khS5lxGcMyE2EIKgNMAO279PWM9Hyq0d5J4FkiSRdmFLwnbjDd5UtPizHQ=="
    },
    "vuepress-theme-yuu": {
      "version": "2.3.0",
      "resolved": "https://registry.npmjs.org/vuepress-theme-yuu/-/vuepress-theme-yuu-2.3.0.tgz",
      "integrity": "sha512-QzGf5kAF8+4fTS6fFtg4o8mqEmiOm525oOw1cWWG+iUN9FWp/yaDlT4RN1xs2km8CNs1st9HvbGksLI1IhJK/Q==",
      "requires": {
        "vue-click-outside": "^1.0.7"
      }
    }
  }
}
